// !$*UTF8*$!
{
	archiveVersion = 1;
	classes = {
	};
	objectVersion = 46;
	objects = {

/* Begin PBXBuildFile section */
		2BA425DE1C8F46AF0047E000 /* AppDelegate.swift in Sources */ = {isa = PBXBuildFile; fileRef = 2BA425DD1C8F46AF0047E000 /* AppDelegate.swift */; };
		2BA425E21C8F46AF0047E000 /* GameScene.swift in Sources */ = {isa = PBXBuildFile; fileRef = 2BA425E11C8F46AF0047E000 /* GameScene.swift */; };
		2BA425E41C8F46AF0047E000 /* GameViewController.swift in Sources */ = {isa = PBXBuildFile; fileRef = 2BA425E31C8F46AF0047E000 /* GameViewController.swift */; };
		2BA425E71C8F46AF0047E000 /* Main.storyboard in Resources */ = {isa = PBXBuildFile; fileRef = 2BA425E51C8F46AF0047E000 /* Main.storyboard */; };
		2BA425E91C8F46AF0047E000 /* Assets.xcassets in Resources */ = {isa = PBXBuildFile; fileRef = 2BA425E81C8F46AF0047E000 /* Assets.xcassets */; };
		2BA425EC1C8F46B00047E000 /* LaunchScreen.storyboard in Resources */ = {isa = PBXBuildFile; fileRef = 2BA425EA1C8F46B00047E000 /* LaunchScreen.storyboard */; };
		2BA425F71C8F46B00047E000 /* megajumpTests.swift in Sources */ = {isa = PBXBuildFile; fileRef = 2BA425F61C8F46B00047E000 /* megajumpTests.swift */; };
		2BA426021C8F46B00047E000 /* megajumpUITests.swift in Sources */ = {isa = PBXBuildFile; fileRef = 2BA426011C8F46B00047E000 /* megajumpUITests.swift */; };
		2BA4263A1C8F4B170047E000 /* Background.png in Resources */ = {isa = PBXBuildFile; fileRef = 2BA426101C8F4B170047E000 /* Background.png */; };
		2BA4263B1C8F4B170047E000 /* Background01.png in Resources */ = {isa = PBXBuildFile; fileRef = 2BA426111C8F4B170047E000 /* Background01.png */; };
		2BA4263C1C8F4B170047E000 /* Background01@2x.png in Resources */ = {isa = PBXBuildFile; fileRef = 2BA426121C8F4B170047E000 /* Background01@2x.png */; };
		2BA4263D1C8F4B170047E000 /* Background02.png in Resources */ = {isa = PBXBuildFile; fileRef = 2BA426131C8F4B170047E000 /* Background02.png */; };
		2BA4263E1C8F4B170047E000 /* Background02@2x.png in Resources */ = {isa = PBXBuildFile; fileRef = 2BA426141C8F4B170047E000 /* Background02@2x.png */; };
		2BA4263F1C8F4B170047E000 /* Background03.png in Resources */ = {isa = PBXBuildFile; fileRef = 2BA426151C8F4B170047E000 /* Background03.png */; };
		2BA426401C8F4B170047E000 /* Background03@2x.png in Resources */ = {isa = PBXBuildFile; fileRef = 2BA426161C8F4B170047E000 /* Background03@2x.png */; };
		2BA426411C8F4B170047E000 /* Background04.png in Resources */ = {isa = PBXBuildFile; fileRef = 2BA426171C8F4B170047E000 /* Background04.png */; };
		2BA426421C8F4B170047E000 /* Background04@2x.png in Resources */ = {isa = PBXBuildFile; fileRef = 2BA426181C8F4B170047E000 /* Background04@2x.png */; };
		2BA426431C8F4B170047E000 /* Background05.png in Resources */ = {isa = PBXBuildFile; fileRef = 2BA426191C8F4B170047E000 /* Background05.png */; };
		2BA426441C8F4B170047E000 /* Background05@2x.png in Resources */ = {isa = PBXBuildFile; fileRef = 2BA4261A1C8F4B170047E000 /* Background05@2x.png */; };
		2BA426451C8F4B170047E000 /* Background06.png in Resources */ = {isa = PBXBuildFile; fileRef = 2BA4261B1C8F4B170047E000 /* Background06.png */; };
		2BA426461C8F4B170047E000 /* Background06@2x.png in Resources */ = {isa = PBXBuildFile; fileRef = 2BA4261C1C8F4B170047E000 /* Background06@2x.png */; };
		2BA426471C8F4B170047E000 /* Background07.png in Resources */ = {isa = PBXBuildFile; fileRef = 2BA4261D1C8F4B170047E000 /* Background07.png */; };
		2BA426481C8F4B170047E000 /* Background07@2x.png in Resources */ = {isa = PBXBuildFile; fileRef = 2BA4261E1C8F4B170047E000 /* Background07@2x.png */; };
		2BA426491C8F4B170047E000 /* Background08.png in Resources */ = {isa = PBXBuildFile; fileRef = 2BA4261F1C8F4B170047E000 /* Background08.png */; };
		2BA4264A1C8F4B170047E000 /* Background08@2x.png in Resources */ = {isa = PBXBuildFile; fileRef = 2BA426201C8F4B170047E000 /* Background08@2x.png */; };
		2BA4264B1C8F4B170047E000 /* Background09.png in Resources */ = {isa = PBXBuildFile; fileRef = 2BA426211C8F4B170047E000 /* Background09.png */; };
		2BA4264C1C8F4B170047E000 /* Background09@2x.png in Resources */ = {isa = PBXBuildFile; fileRef = 2BA426221C8F4B170047E000 /* Background09@2x.png */; };
		2BA4264D1C8F4B170047E000 /* Background10.png in Resources */ = {isa = PBXBuildFile; fileRef = 2BA426231C8F4B170047E000 /* Background10.png */; };
		2BA4264E1C8F4B170047E000 /* Background10@2x.png in Resources */ = {isa = PBXBuildFile; fileRef = 2BA426241C8F4B170047E000 /* Background10@2x.png */; };
		2BA4264F1C8F4B170047E000 /* Background11.png in Resources */ = {isa = PBXBuildFile; fileRef = 2BA426251C8F4B170047E000 /* Background11.png */; };
		2BA426501C8F4B170047E000 /* Background11@2x.png in Resources */ = {isa = PBXBuildFile; fileRef = 2BA426261C8F4B170047E000 /* Background11@2x.png */; };
		2BA426511C8F4B170047E000 /* Background12.png in Resources */ = {isa = PBXBuildFile; fileRef = 2BA426271C8F4B170047E000 /* Background12.png */; };
		2BA426521C8F4B170047E000 /* Background12@2x.png in Resources */ = {isa = PBXBuildFile; fileRef = 2BA426281C8F4B170047E000 /* Background12@2x.png */; };
		2BA426531C8F4B170047E000 /* Background13.png in Resources */ = {isa = PBXBuildFile; fileRef = 2BA426291C8F4B170047E000 /* Background13.png */; };
		2BA426541C8F4B170047E000 /* Background13@2x.png in Resources */ = {isa = PBXBuildFile; fileRef = 2BA4262A1C8F4B170047E000 /* Background13@2x.png */; };
		2BA426551C8F4B170047E000 /* Background14.png in Resources */ = {isa = PBXBuildFile; fileRef = 2BA4262B1C8F4B170047E000 /* Background14.png */; };
		2BA426561C8F4B170047E000 /* Background14@2x.png in Resources */ = {isa = PBXBuildFile; fileRef = 2BA4262C1C8F4B170047E000 /* Background14@2x.png */; };
		2BA426571C8F4B170047E000 /* Background15.png in Resources */ = {isa = PBXBuildFile; fileRef = 2BA4262D1C8F4B170047E000 /* Background15.png */; };
		2BA426581C8F4B170047E000 /* Background15@2x.png in Resources */ = {isa = PBXBuildFile; fileRef = 2BA4262E1C8F4B170047E000 /* Background15@2x.png */; };
		2BA426591C8F4B170047E000 /* Background16.png in Resources */ = {isa = PBXBuildFile; fileRef = 2BA4262F1C8F4B170047E000 /* Background16.png */; };
		2BA4265A1C8F4B170047E000 /* Background16@2x.png in Resources */ = {isa = PBXBuildFile; fileRef = 2BA426301C8F4B170047E000 /* Background16@2x.png */; };
		2BA4265B1C8F4B170047E000 /* Background17.png in Resources */ = {isa = PBXBuildFile; fileRef = 2BA426311C8F4B170047E000 /* Background17.png */; };
		2BA4265C1C8F4B170047E000 /* Background17@2x.png in Resources */ = {isa = PBXBuildFile; fileRef = 2BA426321C8F4B170047E000 /* Background17@2x.png */; };
		2BA4265D1C8F4B170047E000 /* Background18.png in Resources */ = {isa = PBXBuildFile; fileRef = 2BA426331C8F4B170047E000 /* Background18.png */; };
		2BA4265E1C8F4B170047E000 /* Background18@2x.png in Resources */ = {isa = PBXBuildFile; fileRef = 2BA426341C8F4B170047E000 /* Background18@2x.png */; };
		2BA4265F1C8F4B170047E000 /* Background19.png in Resources */ = {isa = PBXBuildFile; fileRef = 2BA426351C8F4B170047E000 /* Background19.png */; };
		2BA426601C8F4B170047E000 /* Background19@2x.png in Resources */ = {isa = PBXBuildFile; fileRef = 2BA426361C8F4B170047E000 /* Background19@2x.png */; };
		2BA426611C8F4B170047E000 /* Background20.png in Resources */ = {isa = PBXBuildFile; fileRef = 2BA426371C8F4B170047E000 /* Background20.png */; };
		2BA426621C8F4B170047E000 /* Background20@2x.png in Resources */ = {isa = PBXBuildFile; fileRef = 2BA426381C8F4B170047E000 /* Background20@2x.png */; };
		2BA426631C8F4B170047E000 /* Background@2x.png in Resources */ = {isa = PBXBuildFile; fileRef = 2BA426391C8F4B170047E000 /* Background@2x.png */; };
		2BA426651C8F4B3E0047E000 /* Level01.plist in Resources */ = {isa = PBXBuildFile; fileRef = 2BA426641C8F4B3E0047E000 /* Level01.plist */; };
		2BA426671C8F4BAD0047E000 /* GameElements.swift in Sources */ = {isa = PBXBuildFile; fileRef = 2BA426661C8F4BAD0047E000 /* GameElements.swift */; };
		2BA426691C902A9C0047E000 /* GenericNode.swift in Sources */ = {isa = PBXBuildFile; fileRef = 2BA426681C902A9C0047E000 /* GenericNode.swift */; };
		2BA4266B1C902D270047E000 /* PlatformNode.swift in Sources */ = {isa = PBXBuildFile; fileRef = 2BA4266A1C902D270047E000 /* PlatformNode.swift */; };
		2BA4266D1C9032770047E000 /* FlowerNode.swift in Sources */ = {isa = PBXBuildFile; fileRef = 2BA4266C1C9032770047E000 /* FlowerNode.swift */; };
/* End PBXBuildFile section */

/* Begin PBXContainerItemProxy section */
		2BA425F31C8F46B00047E000 /* PBXContainerItemProxy */ = {
			isa = PBXContainerItemProxy;
			containerPortal = 2BA425D21C8F46AF0047E000 /* Project object */;
			proxyType = 1;
			remoteGlobalIDString = 2BA425D91C8F46AF0047E000;
			remoteInfo = megajump;
		};
		2BA425FE1C8F46B00047E000 /* PBXContainerItemProxy */ = {
			isa = PBXContainerItemProxy;
			containerPortal = 2BA425D21C8F46AF0047E000 /* Project object */;
			proxyType = 1;
			remoteGlobalIDString = 2BA425D91C8F46AF0047E000;
			remoteInfo = megajump;
		};
/* End PBXContainerItemProxy section */

/* Begin PBXFileReference section */
		2BA425DA1C8F46AF0047E000 /* megajump.app */ = {isa = PBXFileReference; explicitFileType = wrapper.application; includeInIndex = 0; path = megajump.app; sourceTree = BUILT_PRODUCTS_DIR; };
		2BA425DD1C8F46AF0047E000 /* AppDelegate.swift */ = {isa = PBXFileReference; lastKnownFileType = sourcecode.swift; path = AppDelegate.swift; sourceTree = "<group>"; };
		2BA425E11C8F46AF0047E000 /* GameScene.swift */ = {isa = PBXFileReference; lastKnownFileType = sourcecode.swift; path = GameScene.swift; sourceTree = "<group>"; };
		2BA425E31C8F46AF0047E000 /* GameViewController.swift */ = {isa = PBXFileReference; lastKnownFileType = sourcecode.swift; path = GameViewController.swift; sourceTree = "<group>"; };
		2BA425E61C8F46AF0047E000 /* Base */ = {isa = PBXFileReference; lastKnownFileType = file.storyboard; name = Base; path = Base.lproj/Main.storyboard; sourceTree = "<group>"; };
		2BA425E81C8F46AF0047E000 /* Assets.xcassets */ = {isa = PBXFileReference; lastKnownFileType = folder.assetcatalog; path = Assets.xcassets; sourceTree = "<group>"; };
		2BA425EB1C8F46B00047E000 /* Base */ = {isa = PBXFileReference; lastKnownFileType = file.storyboard; name = Base; path = Base.lproj/LaunchScreen.storyboard; sourceTree = "<group>"; };
		2BA425ED1C8F46B00047E000 /* Info.plist */ = {isa = PBXFileReference; lastKnownFileType = text.plist.xml; path = Info.plist; sourceTree = "<group>"; };
		2BA425F21C8F46B00047E000 /* megajumpTests.xctest */ = {isa = PBXFileReference; explicitFileType = wrapper.cfbundle; includeInIndex = 0; path = megajumpTests.xctest; sourceTree = BUILT_PRODUCTS_DIR; };
		2BA425F61C8F46B00047E000 /* megajumpTests.swift */ = {isa = PBXFileReference; lastKnownFileType = sourcecode.swift; path = megajumpTests.swift; sourceTree = "<group>"; };
		2BA425F81C8F46B00047E000 /* Info.plist */ = {isa = PBXFileReference; lastKnownFileType = text.plist.xml; path = Info.plist; sourceTree = "<group>"; };
		2BA425FD1C8F46B00047E000 /* megajumpUITests.xctest */ = {isa = PBXFileReference; explicitFileType = wrapper.cfbundle; includeInIndex = 0; path = megajumpUITests.xctest; sourceTree = BUILT_PRODUCTS_DIR; };
		2BA426011C8F46B00047E000 /* megajumpUITests.swift */ = {isa = PBXFileReference; lastKnownFileType = sourcecode.swift; path = megajumpUITests.swift; sourceTree = "<group>"; };
		2BA426031C8F46B00047E000 /* Info.plist */ = {isa = PBXFileReference; lastKnownFileType = text.plist.xml; path = Info.plist; sourceTree = "<group>"; };
		2BA426101C8F4B170047E000 /* Background.png */ = {isa = PBXFileReference; lastKnownFileType = image.png; path = Background.png; sourceTree = "<group>"; };
		2BA426111C8F4B170047E000 /* Background01.png */ = {isa = PBXFileReference; lastKnownFileType = image.png; path = Background01.png; sourceTree = "<group>"; };
		2BA426121C8F4B170047E000 /* Background01@2x.png */ = {isa = PBXFileReference; lastKnownFileType = image.png; path = "Background01@2x.png"; sourceTree = "<group>"; };
		2BA426131C8F4B170047E000 /* Background02.png */ = {isa = PBXFileReference; lastKnownFileType = image.png; path = Background02.png; sourceTree = "<group>"; };
		2BA426141C8F4B170047E000 /* Background02@2x.png */ = {isa = PBXFileReference; lastKnownFileType = image.png; path = "Background02@2x.png"; sourceTree = "<group>"; };
		2BA426151C8F4B170047E000 /* Background03.png */ = {isa = PBXFileReference; lastKnownFileType = image.png; path = Background03.png; sourceTree = "<group>"; };
		2BA426161C8F4B170047E000 /* Background03@2x.png */ = {isa = PBXFileReference; lastKnownFileType = image.png; path = "Background03@2x.png"; sourceTree = "<group>"; };
		2BA426171C8F4B170047E000 /* Background04.png */ = {isa = PBXFileReference; lastKnownFileType = image.png; path = Background04.png; sourceTree = "<group>"; };
		2BA426181C8F4B170047E000 /* Background04@2x.png */ = {isa = PBXFileReference; lastKnownFileType = image.png; path = "Background04@2x.png"; sourceTree = "<group>"; };
		2BA426191C8F4B170047E000 /* Background05.png */ = {isa = PBXFileReference; lastKnownFileType = image.png; path = Background05.png; sourceTree = "<group>"; };
		2BA4261A1C8F4B170047E000 /* Background05@2x.png */ = {isa = PBXFileReference; lastKnownFileType = image.png; path = "Background05@2x.png"; sourceTree = "<group>"; };
		2BA4261B1C8F4B170047E000 /* Background06.png */ = {isa = PBXFileReference; lastKnownFileType = image.png; path = Background06.png; sourceTree = "<group>"; };
		2BA4261C1C8F4B170047E000 /* Background06@2x.png */ = {isa = PBXFileReference; lastKnownFileType = image.png; path = "Background06@2x.png"; sourceTree = "<group>"; };
		2BA4261D1C8F4B170047E000 /* Background07.png */ = {isa = PBXFileReference; lastKnownFileType = image.png; path = Background07.png; sourceTree = "<group>"; };
		2BA4261E1C8F4B170047E000 /* Background07@2x.png */ = {isa = PBXFileReference; lastKnownFileType = image.png; path = "Background07@2x.png"; sourceTree = "<group>"; };
		2BA4261F1C8F4B170047E000 /* Background08.png */ = {isa = PBXFileReference; lastKnownFileType = image.png; path = Background08.png; sourceTree = "<group>"; };
		2BA426201C8F4B170047E000 /* Background08@2x.png */ = {isa = PBXFileReference; lastKnownFileType = image.png; path = "Background08@2x.png"; sourceTree = "<group>"; };
		2BA426211C8F4B170047E000 /* Background09.png */ = {isa = PBXFileReference; lastKnownFileType = image.png; path = Background09.png; sourceTree = "<group>"; };
		2BA426221C8F4B170047E000 /* Background09@2x.png */ = {isa = PBXFileReference; lastKnownFileType = image.png; path = "Background09@2x.png"; sourceTree = "<group>"; };
		2BA426231C8F4B170047E000 /* Background10.png */ = {isa = PBXFileReference; lastKnownFileType = image.png; path = Background10.png; sourceTree = "<group>"; };
		2BA426241C8F4B170047E000 /* Background10@2x.png */ = {isa = PBXFileReference; lastKnownFileType = image.png; path = "Background10@2x.png"; sourceTree = "<group>"; };
		2BA426251C8F4B170047E000 /* Background11.png */ = {isa = PBXFileReference; lastKnownFileType = image.png; path = Background11.png; sourceTree = "<group>"; };
		2BA426261C8F4B170047E000 /* Background11@2x.png */ = {isa = PBXFileReference; lastKnownFileType = image.png; path = "Background11@2x.png"; sourceTree = "<group>"; };
		2BA426271C8F4B170047E000 /* Background12.png */ = {isa = PBXFileReference; lastKnownFileType = image.png; path = Background12.png; sourceTree = "<group>"; };
		2BA426281C8F4B170047E000 /* Background12@2x.png */ = {isa = PBXFileReference; lastKnownFileType = image.png; path = "Background12@2x.png"; sourceTree = "<group>"; };
		2BA426291C8F4B170047E000 /* Background13.png */ = {isa = PBXFileReference; lastKnownFileType = image.png; path = Background13.png; sourceTree = "<group>"; };
		2BA4262A1C8F4B170047E000 /* Background13@2x.png */ = {isa = PBXFileReference; lastKnownFileType = image.png; path = "Background13@2x.png"; sourceTree = "<group>"; };
		2BA4262B1C8F4B170047E000 /* Background14.png */ = {isa = PBXFileReference; lastKnownFileType = image.png; path = Background14.png; sourceTree = "<group>"; };
		2BA4262C1C8F4B170047E000 /* Background14@2x.png */ = {isa = PBXFileReference; lastKnownFileType = image.png; path = "Background14@2x.png"; sourceTree = "<group>"; };
		2BA4262D1C8F4B170047E000 /* Background15.png */ = {isa = PBXFileReference; lastKnownFileType = image.png; path = Background15.png; sourceTree = "<group>"; };
		2BA4262E1C8F4B170047E000 /* Background15@2x.png */ = {isa = PBXFileReference; lastKnownFileType = image.png; path = "Background15@2x.png"; sourceTree = "<group>"; };
		2BA4262F1C8F4B170047E000 /* Background16.png */ = {isa = PBXFileReference; lastKnownFileType = image.png; path = Background16.png; sourceTree = "<group>"; };
		2BA426301C8F4B170047E000 /* Background16@2x.png */ = {isa = PBXFileReference; lastKnownFileType = image.png; path = "Background16@2x.png"; sourceTree = "<group>"; };
		2BA426311C8F4B170047E000 /* Background17.png */ = {isa = PBXFileReference; lastKnownFileType = image.png; path = Background17.png; sourceTree = "<group>"; };
		2BA426321C8F4B170047E000 /* Background17@2x.png */ = {isa = PBXFileReference; lastKnownFileType = image.png; path = "Background17@2x.png"; sourceTree = "<group>"; };
		2BA426331C8F4B170047E000 /* Background18.png */ = {isa = PBXFileReference; lastKnownFileType = image.png; path = Background18.png; sourceTree = "<group>"; };
		2BA426341C8F4B170047E000 /* Background18@2x.png */ = {isa = PBXFileReference; lastKnownFileType = image.png; path = "Background18@2x.png"; sourceTree = "<group>"; };
		2BA426351C8F4B170047E000 /* Background19.png */ = {isa = PBXFileReference; lastKnownFileType = image.png; path = Background19.png; sourceTree = "<group>"; };
		2BA426361C8F4B170047E000 /* Background19@2x.png */ = {isa = PBXFileReference; lastKnownFileType = image.png; path = "Background19@2x.png"; sourceTree = "<group>"; };
		2BA426371C8F4B170047E000 /* Background20.png */ = {isa = PBXFileReference; lastKnownFileType = image.png; path = Background20.png; sourceTree = "<group>"; };
		2BA426381C8F4B170047E000 /* Background20@2x.png */ = {isa = PBXFileReference; lastKnownFileType = image.png; path = "Background20@2x.png"; sourceTree = "<group>"; };
		2BA426391C8F4B170047E000 /* Background@2x.png */ = {isa = PBXFileReference; lastKnownFileType = image.png; path = "Background@2x.png"; sourceTree = "<group>"; };
		2BA426641C8F4B3E0047E000 /* Level01.plist */ = {isa = PBXFileReference; fileEncoding = 4; lastKnownFileType = text.plist.xml; path = Level01.plist; sourceTree = "<group>"; };
		2BA426661C8F4BAD0047E000 /* GameElements.swift */ = {isa = PBXFileReference; fileEncoding = 4; lastKnownFileType = sourcecode.swift; path = GameElements.swift; sourceTree = "<group>"; };
		2BA426681C902A9C0047E000 /* GenericNode.swift */ = {isa = PBXFileReference; fileEncoding = 4; lastKnownFileType = sourcecode.swift; path = GenericNode.swift; sourceTree = "<group>"; };
		2BA4266A1C902D270047E000 /* PlatformNode.swift */ = {isa = PBXFileReference; fileEncoding = 4; lastKnownFileType = sourcecode.swift; path = PlatformNode.swift; sourceTree = "<group>"; };
		2BA4266C1C9032770047E000 /* FlowerNode.swift */ = {isa = PBXFileReference; fileEncoding = 4; lastKnownFileType = sourcecode.swift; path = FlowerNode.swift; sourceTree = "<group>"; };
/* End PBXFileReference section */

/* Begin PBXFrameworksBuildPhase section */
		2BA425D71C8F46AF0047E000 /* Frameworks */ = {
			isa = PBXFrameworksBuildPhase;
			buildActionMask = 2147483647;
			files = (
			);
			runOnlyForDeploymentPostprocessing = 0;
		};
		2BA425EF1C8F46B00047E000 /* Frameworks */ = {
			isa = PBXFrameworksBuildPhase;
			buildActionMask = 2147483647;
			files = (
			);
			runOnlyForDeploymentPostprocessing = 0;
		};
		2BA425FA1C8F46B00047E000 /* Frameworks */ = {
			isa = PBXFrameworksBuildPhase;
			buildActionMask = 2147483647;
			files = (
			);
			runOnlyForDeploymentPostprocessing = 0;
		};
/* End PBXFrameworksBuildPhase section */

/* Begin PBXGroup section */
		2BA425D11C8F46AF0047E000 = {
			isa = PBXGroup;
			children = (
				2BA425DC1C8F46AF0047E000 /* megajump */,
				2BA425F51C8F46B00047E000 /* megajumpTests */,
				2BA426001C8F46B00047E000 /* megajumpUITests */,
				2BA425DB1C8F46AF0047E000 /* Products */,
			);
			sourceTree = "<group>";
		};
		2BA425DB1C8F46AF0047E000 /* Products */ = {
			isa = PBXGroup;
			children = (
				2BA425DA1C8F46AF0047E000 /* megajump.app */,
				2BA425F21C8F46B00047E000 /* megajumpTests.xctest */,
				2BA425FD1C8F46B00047E000 /* megajumpUITests.xctest */,
			);
			name = Products;
			sourceTree = "<group>";
		};
		2BA425DC1C8F46AF0047E000 /* megajump */ = {
			isa = PBXGroup;
			children = (
				2BA4260F1C8F4B170047E000 /* Backgrounds */,
				2BA425DD1C8F46AF0047E000 /* AppDelegate.swift */,
				2BA425E11C8F46AF0047E000 /* GameScene.swift */,
				2BA4266C1C9032770047E000 /* FlowerNode.swift */,
				2BA425E31C8F46AF0047E000 /* GameViewController.swift */,
				2BA425E51C8F46AF0047E000 /* Main.storyboard */,
				2BA425E81C8F46AF0047E000 /* Assets.xcassets */,
				2BA425EA1C8F46B00047E000 /* LaunchScreen.storyboard */,
				2BA426641C8F4B3E0047E000 /* Level01.plist */,
				2BA425ED1C8F46B00047E000 /* Info.plist */,
				2BA426661C8F4BAD0047E000 /* GameElements.swift */,
				2BA426681C902A9C0047E000 /* GenericNode.swift */,
				2BA4266A1C902D270047E000 /* PlatformNode.swift */,
			);
			path = megajump;
			sourceTree = "<group>";
		};
		2BA425F51C8F46B00047E000 /* megajumpTests */ = {
			isa = PBXGroup;
			children = (
				2BA425F61C8F46B00047E000 /* megajumpTests.swift */,
				2BA425F81C8F46B00047E000 /* Info.plist */,
			);
			path = megajumpTests;
			sourceTree = "<group>";
		};
		2BA426001C8F46B00047E000 /* megajumpUITests */ = {
			isa = PBXGroup;
			children = (
				2BA426011C8F46B00047E000 /* megajumpUITests.swift */,
				2BA426031C8F46B00047E000 /* Info.plist */,
			);
			path = megajumpUITests;
			sourceTree = "<group>";
		};
		2BA4260F1C8F4B170047E000 /* Backgrounds */ = {
			isa = PBXGroup;
			children = (
				2BA426101C8F4B170047E000 /* Background.png */,
				2BA426111C8F4B170047E000 /* Background01.png */,
				2BA426121C8F4B170047E000 /* Background01@2x.png */,
				2BA426131C8F4B170047E000 /* Background02.png */,
				2BA426141C8F4B170047E000 /* Background02@2x.png */,
				2BA426151C8F4B170047E000 /* Background03.png */,
				2BA426161C8F4B170047E000 /* Background03@2x.png */,
				2BA426171C8F4B170047E000 /* Background04.png */,
				2BA426181C8F4B170047E000 /* Background04@2x.png */,
				2BA426191C8F4B170047E000 /* Background05.png */,
				2BA4261A1C8F4B170047E000 /* Background05@2x.png */,
				2BA4261B1C8F4B170047E000 /* Background06.png */,
				2BA4261C1C8F4B170047E000 /* Background06@2x.png */,
				2BA4261D1C8F4B170047E000 /* Background07.png */,
				2BA4261E1C8F4B170047E000 /* Background07@2x.png */,
				2BA4261F1C8F4B170047E000 /* Background08.png */,
				2BA426201C8F4B170047E000 /* Background08@2x.png */,
				2BA426211C8F4B170047E000 /* Background09.png */,
				2BA426221C8F4B170047E000 /* Background09@2x.png */,
				2BA426231C8F4B170047E000 /* Background10.png */,
				2BA426241C8F4B170047E000 /* Background10@2x.png */,
				2BA426251C8F4B170047E000 /* Background11.png */,
				2BA426261C8F4B170047E000 /* Background11@2x.png */,
				2BA426271C8F4B170047E000 /* Background12.png */,
				2BA426281C8F4B170047E000 /* Background12@2x.png */,
				2BA426291C8F4B170047E000 /* Background13.png */,
				2BA4262A1C8F4B170047E000 /* Background13@2x.png */,
				2BA4262B1C8F4B170047E000 /* Background14.png */,
				2BA4262C1C8F4B170047E000 /* Background14@2x.png */,
				2BA4262D1C8F4B170047E000 /* Background15.png */,
				2BA4262E1C8F4B170047E000 /* Background15@2x.png */,
				2BA4262F1C8F4B170047E000 /* Background16.png */,
				2BA426301C8F4B170047E000 /* Background16@2x.png */,
				2BA426311C8F4B170047E000 /* Background17.png */,
				2BA426321C8F4B170047E000 /* Background17@2x.png */,
				2BA426331C8F4B170047E000 /* Background18.png */,
				2BA426341C8F4B170047E000 /* Background18@2x.png */,
				2BA426351C8F4B170047E000 /* Background19.png */,
				2BA426361C8F4B170047E000 /* Background19@2x.png */,
				2BA426371C8F4B170047E000 /* Background20.png */,
				2BA426381C8F4B170047E000 /* Background20@2x.png */,
				2BA426391C8F4B170047E000 /* Background@2x.png */,
			);
			path = Backgrounds;
			sourceTree = "<group>";
		};
/* End PBXGroup section */

/* Begin PBXNativeTarget section */
		2BA425D91C8F46AF0047E000 /* megajump */ = {
			isa = PBXNativeTarget;
			buildConfigurationList = 2BA426061C8F46B00047E000 /* Build configuration list for PBXNativeTarget "megajump" */;
			buildPhases = (
				2BA425D61C8F46AF0047E000 /* Sources */,
				2BA425D71C8F46AF0047E000 /* Frameworks */,
				2BA425D81C8F46AF0047E000 /* Resources */,
			);
			buildRules = (
			);
			dependencies = (
			);
			name = megajump;
			productName = megajump;
			productReference = 2BA425DA1C8F46AF0047E000 /* megajump.app */;
			productType = "com.apple.product-type.application";
		};
		2BA425F11C8F46B00047E000 /* megajumpTests */ = {
			isa = PBXNativeTarget;
			buildConfigurationList = 2BA426091C8F46B00047E000 /* Build configuration list for PBXNativeTarget "megajumpTests" */;
			buildPhases = (
				2BA425EE1C8F46B00047E000 /* Sources */,
				2BA425EF1C8F46B00047E000 /* Frameworks */,
				2BA425F01C8F46B00047E000 /* Resources */,
			);
			buildRules = (
			);
			dependencies = (
				2BA425F41C8F46B00047E000 /* PBXTargetDependency */,
			);
			name = megajumpTests;
			productName = megajumpTests;
			productReference = 2BA425F21C8F46B00047E000 /* megajumpTests.xctest */;
			productType = "com.apple.product-type.bundle.unit-test";
		};
		2BA425FC1C8F46B00047E000 /* megajumpUITests */ = {
			isa = PBXNativeTarget;
			buildConfigurationList = 2BA4260C1C8F46B00047E000 /* Build configuration list for PBXNativeTarget "megajumpUITests" */;
			buildPhases = (
				2BA425F91C8F46B00047E000 /* Sources */,
				2BA425FA1C8F46B00047E000 /* Frameworks */,
				2BA425FB1C8F46B00047E000 /* Resources */,
			);
			buildRules = (
			);
			dependencies = (
				2BA425FF1C8F46B00047E000 /* PBXTargetDependency */,
			);
			name = megajumpUITests;
			productName = megajumpUITests;
			productReference = 2BA425FD1C8F46B00047E000 /* megajumpUITests.xctest */;
			productType = "com.apple.product-type.bundle.ui-testing";
		};
/* End PBXNativeTarget section */

/* Begin PBXProject section */
		2BA425D21C8F46AF0047E000 /* Project object */ = {
			isa = PBXProject;
			attributes = {
				LastSwiftUpdateCheck = 0730;
				LastUpgradeCheck = 0730;
				ORGANIZATIONNAME = Smurfy;
				TargetAttributes = {
					2BA425D91C8F46AF0047E000 = {
						CreatedOnToolsVersion = 7.3;
					};
					2BA425F11C8F46B00047E000 = {
						CreatedOnToolsVersion = 7.3;
						TestTargetID = 2BA425D91C8F46AF0047E000;
					};
					2BA425FC1C8F46B00047E000 = {
						CreatedOnToolsVersion = 7.3;
						TestTargetID = 2BA425D91C8F46AF0047E000;
					};
				};
			};
			buildConfigurationList = 2BA425D51C8F46AF0047E000 /* Build configuration list for PBXProject "megajump" */;
			compatibilityVersion = "Xcode 3.2";
			developmentRegion = English;
			hasScannedForEncodings = 0;
			knownRegions = (
				en,
				Base,
			);
			mainGroup = 2BA425D11C8F46AF0047E000;
			productRefGroup = 2BA425DB1C8F46AF0047E000 /* Products */;
			projectDirPath = "";
			projectRoot = "";
			targets = (
				2BA425D91C8F46AF0047E000 /* megajump */,
				2BA425F11C8F46B00047E000 /* megajumpTests */,
				2BA425FC1C8F46B00047E000 /* megajumpUITests */,
			);
		};
/* End PBXProject section */

/* Begin PBXResourcesBuildPhase section */
		2BA425D81C8F46AF0047E000 /* Resources */ = {
			isa = PBXResourcesBuildPhase;
			buildActionMask = 2147483647;
			files = (
				2BA426511C8F4B170047E000 /* Background12.png in Resources */,
				2BA4265E1C8F4B170047E000 /* Background18@2x.png in Resources */,
				2BA426421C8F4B170047E000 /* Background04@2x.png in Resources */,
				2BA426631C8F4B170047E000 /* Background@2x.png in Resources */,
				2BA4263F1C8F4B170047E000 /* Background03.png in Resources */,
				2BA426591C8F4B170047E000 /* Background16.png in Resources */,
				2BA426571C8F4B170047E000 /* Background15.png in Resources */,
				2BA425EC1C8F46B00047E000 /* LaunchScreen.storyboard in Resources */,
				2BA4264F1C8F4B170047E000 /* Background11.png in Resources */,
				2BA426451C8F4B170047E000 /* Background06.png in Resources */,
				2BA4263D1C8F4B170047E000 /* Background02.png in Resources */,
				2BA4263E1C8F4B170047E000 /* Background02@2x.png in Resources */,
				2BA426471C8F4B170047E000 /* Background07.png in Resources */,
				2BA426601C8F4B170047E000 /* Background19@2x.png in Resources */,
				2BA4265B1C8F4B170047E000 /* Background17.png in Resources */,
				2BA426461C8F4B170047E000 /* Background06@2x.png in Resources */,
				2BA426531C8F4B170047E000 /* Background13.png in Resources */,
				2BA4263A1C8F4B170047E000 /* Background.png in Resources */,
				2BA4265F1C8F4B170047E000 /* Background19.png in Resources */,
				2BA425E91C8F46AF0047E000 /* Assets.xcassets in Resources */,
				2BA4263B1C8F4B170047E000 /* Background01.png in Resources */,
				2BA4264D1C8F4B170047E000 /* Background10.png in Resources */,
				2BA425E71C8F46AF0047E000 /* Main.storyboard in Resources */,
				2BA426611C8F4B170047E000 /* Background20.png in Resources */,
				2BA4263C1C8F4B170047E000 /* Background01@2x.png in Resources */,
				2BA4265A1C8F4B170047E000 /* Background16@2x.png in Resources */,
				2BA4264C1C8F4B170047E000 /* Background09@2x.png in Resources */,
				2BA426501C8F4B170047E000 /* Background11@2x.png in Resources */,
				2BA426651C8F4B3E0047E000 /* Level01.plist in Resources */,
				2BA426481C8F4B170047E000 /* Background07@2x.png in Resources */,
				2BA4265D1C8F4B170047E000 /* Background18.png in Resources */,
				2BA426411C8F4B170047E000 /* Background04.png in Resources */,
				2BA426561C8F4B170047E000 /* Background14@2x.png in Resources */,
				2BA4264E1C8F4B170047E000 /* Background10@2x.png in Resources */,
				2BA4264B1C8F4B170047E000 /* Background09.png in Resources */,
				2BA426551C8F4B170047E000 /* Background14.png in Resources */,
				2BA426581C8F4B170047E000 /* Background15@2x.png in Resources */,
				2BA4265C1C8F4B170047E000 /* Background17@2x.png in Resources */,
				2BA426441C8F4B170047E000 /* Background05@2x.png in Resources */,
				2BA426541C8F4B170047E000 /* Background13@2x.png in Resources */,
				2BA426621C8F4B170047E000 /* Background20@2x.png in Resources */,
				2BA4264A1C8F4B170047E000 /* Background08@2x.png in Resources */,
				2BA426491C8F4B170047E000 /* Background08.png in Resources */,
				2BA426431C8F4B170047E000 /* Background05.png in Resources */,
				2BA426401C8F4B170047E000 /* Background03@2x.png in Resources */,
				2BA426521C8F4B170047E000 /* Background12@2x.png in Resources */,
			);
			runOnlyForDeploymentPostprocessing = 0;
		};
		2BA425F01C8F46B00047E000 /* Resources */ = {
			isa = PBXResourcesBuildPhase;
			buildActionMask = 2147483647;
			files = (
			);
			runOnlyForDeploymentPostprocessing = 0;
		};
		2BA425FB1C8F46B00047E000 /* Resources */ = {
			isa = PBXResourcesBuildPhase;
			buildActionMask = 2147483647;
			files = (
			);
			runOnlyForDeploymentPostprocessing = 0;
		};
/* End PBXResourcesBuildPhase section */

/* Begin PBXSourcesBuildPhase section */
		2BA425D61C8F46AF0047E000 /* Sources */ = {
			isa = PBXSourcesBuildPhase;
			buildActionMask = 2147483647;
			files = (
				2BA426671C8F4BAD0047E000 /* GameElements.swift in Sources */,
				2BA425E21C8F46AF0047E000 /* GameScene.swift in Sources */,
				2BA425E41C8F46AF0047E000 /* GameViewController.swift in Sources */,
				2BA426691C902A9C0047E000 /* GenericNode.swift in Sources */,
				2BA4266B1C902D270047E000 /* PlatformNode.swift in Sources */,
				2BA4266D1C9032770047E000 /* FlowerNode.swift in Sources */,
				2BA425DE1C8F46AF0047E000 /* AppDelegate.swift in Sources */,
			);
			runOnlyForDeploymentPostprocessing = 0;
		};
		2BA425EE1C8F46B00047E000 /* Sources */ = {
			isa = PBXSourcesBuildPhase;
			buildActionMask = 2147483647;
			files = (
				2BA425F71C8F46B00047E000 /* megajumpTests.swift in Sources */,
			);
			runOnlyForDeploymentPostprocessing = 0;
		};
		2BA425F91C8F46B00047E000 /* Sources */ = {
			isa = PBXSourcesBuildPhase;
			buildActionMask = 2147483647;
			files = (
				2BA426021C8F46B00047E000 /* megajumpUITests.swift in Sources */,
			);
			runOnlyForDeploymentPostprocessing = 0;
		};
/* End PBXSourcesBuildPhase section */

/* Begin PBXTargetDependency section */
		2BA425F41C8F46B00047E000 /* PBXTargetDependency */ = {
			isa = PBXTargetDependency;
			target = 2BA425D91C8F46AF0047E000 /* megajump */;
			targetProxy = 2BA425F31C8F46B00047E000 /* PBXContainerItemProxy */;
		};
		2BA425FF1C8F46B00047E000 /* PBXTargetDependency */ = {
			isa = PBXTargetDependency;
			target = 2BA425D91C8F46AF0047E000 /* megajump */;
			targetProxy = 2BA425FE1C8F46B00047E000 /* PBXContainerItemProxy */;
		};
/* End PBXTargetDependency section */

/* Begin PBXVariantGroup section */
		2BA425E51C8F46AF0047E000 /* Main.storyboard */ = {
			isa = PBXVariantGroup;
			children = (
				2BA425E61C8F46AF0047E000 /* Base */,
			);
			name = Main.storyboard;
			sourceTree = "<group>";
		};
		2BA425EA1C8F46B00047E000 /* LaunchScreen.storyboard */ = {
			isa = PBXVariantGroup;
			children = (
				2BA425EB1C8F46B00047E000 /* Base */,
			);
			name = LaunchScreen.storyboard;
			sourceTree = "<group>";
		};
/* End PBXVariantGroup section */

/* Begin XCBuildConfiguration section */
		2BA426041C8F46B00047E000 /* Debug */ = {
			isa = XCBuildConfiguration;
			buildSettings = {
				ALWAYS_SEARCH_USER_PATHS = NO;
				CLANG_ANALYZER_NONNULL = YES;
				CLANG_CXX_LANGUAGE_STANDARD = "gnu++0x";
				CLANG_CXX_LIBRARY = "libc++";
				CLANG_ENABLE_MODULES = YES;
				CLANG_ENABLE_OBJC_ARC = YES;
				CLANG_WARN_BOOL_CONVERSION = YES;
				CLANG_WARN_CONSTANT_CONVERSION = YES;
				CLANG_WARN_DIRECT_OBJC_ISA_USAGE = YES_ERROR;
				CLANG_WARN_EMPTY_BODY = YES;
				CLANG_WARN_ENUM_CONVERSION = YES;
				CLANG_WARN_INT_CONVERSION = YES;
				CLANG_WARN_OBJC_ROOT_CLASS = YES_ERROR;
				CLANG_WARN_UNREACHABLE_CODE = YES;
				CLANG_WARN__DUPLICATE_METHOD_MATCH = YES;
				"CODE_SIGN_IDENTITY[sdk=iphoneos*]" = "iPhone Developer";
				COPY_PHASE_STRIP = NO;
				DEBUG_INFORMATION_FORMAT = "dwarf-with-dsym";
				ENABLE_STRICT_OBJC_MSGSEND = YES;
				ENABLE_TESTABILITY = YES;
				GCC_C_LANGUAGE_STANDARD = gnu99;
				GCC_DYNAMIC_NO_PIC = NO;
				GCC_NO_COMMON_BLOCKS = YES;
				GCC_OPTIMIZATION_LEVEL = 0;
				GCC_PREPROCESSOR_DEFINITIONS = (
					"DEBUG=1",
					"$(inherited)",
				);
				GCC_WARN_64_TO_32_BIT_CONVERSION = YES;
				GCC_WARN_ABOUT_RETURN_TYPE = YES_ERROR;
				GCC_WARN_UNDECLARED_SELECTOR = YES;
				GCC_WARN_UNINITIALIZED_AUTOS = YES_AGGRESSIVE;
				GCC_WARN_UNUSED_FUNCTION = YES;
				GCC_WARN_UNUSED_VARIABLE = YES;
				IPHONEOS_DEPLOYMENT_TARGET = 9.3;
				MTL_ENABLE_DEBUG_INFO = YES;
				ONLY_ACTIVE_ARCH = YES;
				SDKROOT = iphoneos;
				SWIFT_OPTIMIZATION_LEVEL = "-Onone";
				TARGETED_DEVICE_FAMILY = "1,2";
			};
			name = Debug;
		};
		2BA426051C8F46B00047E000 /* Release */ = {
			isa = XCBuildConfiguration;
			buildSettings = {
				ALWAYS_SEARCH_USER_PATHS = NO;
				CLANG_ANALYZER_NONNULL = YES;
				CLANG_CXX_LANGUAGE_STANDARD = "gnu++0x";
				CLANG_CXX_LIBRARY = "libc++";
				CLANG_ENABLE_MODULES = YES;
				CLANG_ENABLE_OBJC_ARC = YES;
				CLANG_WARN_BOOL_CONVERSION = YES;
				CLANG_WARN_CONSTANT_CONVERSION = YES;
				CLANG_WARN_DIRECT_OBJC_ISA_USAGE = YES_ERROR;
				CLANG_WARN_EMPTY_BODY = YES;
				CLANG_WARN_ENUM_CONVERSION = YES;
				CLANG_WARN_INT_CONVERSION = YES;
				CLANG_WARN_OBJC_ROOT_CLASS = YES_ERROR;
				CLANG_WARN_UNREACHABLE_CODE = YES;
				CLANG_WARN__DUPLICATE_METHOD_MATCH = YES;
				"CODE_SIGN_IDENTITY[sdk=iphoneos*]" = "iPhone Developer";
				COPY_PHASE_STRIP = NO;
				DEBUG_INFORMATION_FORMAT = "dwarf-with-dsym";
				ENABLE_NS_ASSERTIONS = NO;
				ENABLE_STRICT_OBJC_MSGSEND = YES;
				GCC_C_LANGUAGE_STANDARD = gnu99;
				GCC_NO_COMMON_BLOCKS = YES;
				GCC_WARN_64_TO_32_BIT_CONVERSION = YES;
				GCC_WARN_ABOUT_RETURN_TYPE = YES_ERROR;
				GCC_WARN_UNDECLARED_SELECTOR = YES;
				GCC_WARN_UNINITIALIZED_AUTOS = YES_AGGRESSIVE;
				GCC_WARN_UNUSED_FUNCTION = YES;
				GCC_WARN_UNUSED_VARIABLE = YES;
				IPHONEOS_DEPLOYMENT_TARGET = 9.3;
				MTL_ENABLE_DEBUG_INFO = NO;
				SDKROOT = iphoneos;
				TARGETED_DEVICE_FAMILY = "1,2";
				VALIDATE_PRODUCT = YES;
			};
			name = Release;
		};
		2BA426071C8F46B00047E000 /* Debug */ = {
			isa = XCBuildConfiguration;
			buildSettings = {
				ASSETCATALOG_COMPILER_APPICON_NAME = AppIcon;
				INFOPLIST_FILE = megajump/Info.plist;
				LD_RUNPATH_SEARCH_PATHS = "$(inherited) @executable_path/Frameworks";
				PRODUCT_BUNDLE_IDENTIFIER = test.megajump;
				PRODUCT_NAME = "$(TARGET_NAME)";
			};
			name = Debug;
		};
		2BA426081C8F46B00047E000 /* Release */ = {
			isa = XCBuildConfiguration;
			buildSettings = {
				ASSETCATALOG_COMPILER_APPICON_NAME = AppIcon;
				INFOPLIST_FILE = megajump/Info.plist;
				LD_RUNPATH_SEARCH_PATHS = "$(inherited) @executable_path/Frameworks";
				PRODUCT_BUNDLE_IDENTIFIER = test.megajump;
				PRODUCT_NAME = "$(TARGET_NAME)";
			};
			name = Release;
		};
		2BA4260A1C8F46B00047E000 /* Debug */ = {
			isa = XCBuildConfiguration;
			buildSettings = {
				BUNDLE_LOADER = "$(TEST_HOST)";
				DEBUG_INFORMATION_FORMAT = dwarf;
				INFOPLIST_FILE = megajumpTests/Info.plist;
				LD_RUNPATH_SEARCH_PATHS = "$(inherited) @executable_path/Frameworks @loader_path/Frameworks";
				PRODUCT_BUNDLE_IDENTIFIER = test.megajumpTests;
				PRODUCT_NAME = "$(TARGET_NAME)";
				TEST_HOST = "$(BUILT_PRODUCTS_DIR)/megajump.app/megajump";
			};
			name = Debug;
		};
		2BA4260B1C8F46B00047E000 /* Release */ = {
			isa = XCBuildConfiguration;
			buildSettings = {
				BUNDLE_LOADER = "$(TEST_HOST)";
				INFOPLIST_FILE = megajumpTests/Info.plist;
				LD_RUNPATH_SEARCH_PATHS = "$(inherited) @executable_path/Frameworks @loader_path/Frameworks";
				PRODUCT_BUNDLE_IDENTIFIER = test.megajumpTests;
				PRODUCT_NAME = "$(TARGET_NAME)";
				TEST_HOST = "$(BUILT_PRODUCTS_DIR)/megajump.app/megajump";
			};
			name = Release;
		};
		2BA4260D1C8F46B00047E000 /* Debug */ = {
			isa = XCBuildConfiguration;
			buildSettings = {
				DEBUG_INFORMATION_FORMAT = dwarf;
				INFOPLIST_FILE = megajumpUITests/Info.plist;
				LD_RUNPATH_SEARCH_PATHS = "$(inherited) @executable_path/Frameworks @loader_path/Frameworks";
				PRODUCT_BUNDLE_IDENTIFIER = test.megajumpUITests;
				PRODUCT_NAME = "$(TARGET_NAME)";
				TEST_TARGET_NAME = megajump;
			};
			name = Debug;
		};
		2BA4260E1C8F46B00047E000 /* Release */ = {
			isa = XCBuildConfiguration;
			buildSettings = {
				INFOPLIST_FILE = megajumpUITests/Info.plist;
				LD_RUNPATH_SEARCH_PATHS = "$(inherited) @executable_path/Frameworks @loader_path/Frameworks";
				PRODUCT_BUNDLE_IDENTIFIER = test.megajumpUITests;
				PRODUCT_NAME = "$(TARGET_NAME)";
				TEST_TARGET_NAME = megajump;
			};
			name = Release;
		};
/* End XCBuildConfiguration section */

/* Begin XCConfigurationList section */
		2BA425D51C8F46AF0047E000 /* Build configuration list for PBXProject "megajump" */ = {
			isa = XCConfigurationList;
			buildConfigurations = (
				2BA426041C8F46B00047E000 /* Debug */,
				2BA426051C8F46B00047E000 /* Release */,
			);
			defaultConfigurationIsVisible = 0;
			defaultConfigurationName = Release;
		};
		2BA426061C8F46B00047E000 /* Build configuration list for PBXNativeTarget "megajump" */ = {
			isa = XCConfigurationList;
			buildConfigurations = (
				2BA426071C8F46B00047E000 /* Debug */,
				2BA426081C8F46B00047E000 /* Release */,
			);
			defaultConfigurationIsVisible = 0;
		};
		2BA426091C8F46B00047E000 /* Build configuration list for PBXNativeTarget "megajumpTests" */ = {
			isa = XCConfigurationList;
			buildConfigurations = (
				2BA4260A1C8F46B00047E000 /* Debug */,
				2BA4260B1C8F46B00047E000 /* Release */,
			);
			defaultConfigurationIsVisible = 0;
		};
		2BA4260C1C8F46B00047E000 /* Build configuration list for PBXNativeTarget "megajumpUITests" */ = {
			isa = XCConfigurationList;
			buildConfigurations = (
				2BA4260D1C8F46B00047E000 /* Debug */,
				2BA4260E1C8F46B00047E000 /* Release */,
			);
			defaultConfigurationIsVisible = 0;
		};
/* End XCConfigurationList section */
	};
	rootObject = 2BA425D21C8F46AF0047E000 /* Project object */;
}
